// !$*UTF8*$!
{
	archiveVersion = 1;
	classes = {
	};
	objectVersion = 50;
	objects = {

/* Begin PBXBuildFile section */
		6500DC4346F8F4D863DAEA7C /* Pods_Stepper_Mobile_Controller.framework in Frameworks */ = {isa = PBXBuildFile; fileRef = 7E6C9CF315B2CF61C5B704D0 /* Pods_Stepper_Mobile_Controller.framework */; };
		ADD59CB420B4B40F004AB264 /* AppDelegate.swift in Sources */ = {isa = PBXBuildFile; fileRef = ADD59CB320B4B40F004AB264 /* AppDelegate.swift */; };
		ADD59CB620B4B40F004AB264 /* ViewController.swift in Sources */ = {isa = PBXBuildFile; fileRef = ADD59CB520B4B40F004AB264 /* ViewController.swift */; };
		ADD59CB920B4B40F004AB264 /* Main.storyboard in Resources */ = {isa = PBXBuildFile; fileRef = ADD59CB720B4B40F004AB264 /* Main.storyboard */; };
		ADD59CBB20B4B412004AB264 /* Assets.xcassets in Resources */ = {isa = PBXBuildFile; fileRef = ADD59CBA20B4B412004AB264 /* Assets.xcassets */; };
		ADD59CBE20B4B412004AB264 /* LaunchScreen.storyboard in Resources */ = {isa = PBXBuildFile; fileRef = ADD59CBC20B4B412004AB264 /* LaunchScreen.storyboard */; };
/* End PBXBuildFile section */

/* Begin PBXFileReference section */
		34EEF0B7FE9D9744C8131255 /* Pods-Stepper_Mobile_Controller.debug.xcconfig */ = {isa = PBXFileReference; includeInIndex = 1; lastKnownFileType = text.xcconfig; name = "Pods-Stepper_Mobile_Controller.debug.xcconfig"; path = "Pods/Target Support Files/Pods-Stepper_Mobile_Controller/Pods-Stepper_Mobile_Controller.debug.xcconfig"; sourceTree = "<group>"; };
		40D0FDD217C722BACC40A13D /* Pods-Stepper_Mobile_Controller.release.xcconfig */ = {isa = PBXFileReference; includeInIndex = 1; lastKnownFileType = text.xcconfig; name = "Pods-Stepper_Mobile_Controller.release.xcconfig"; path = "Pods/Target Support Files/Pods-Stepper_Mobile_Controller/Pods-Stepper_Mobile_Controller.release.xcconfig"; sourceTree = "<group>"; };
		7E6C9CF315B2CF61C5B704D0 /* Pods_Stepper_Mobile_Controller.framework */ = {isa = PBXFileReference; explicitFileType = wrapper.framework; includeInIndex = 0; path = Pods_Stepper_Mobile_Controller.framework; sourceTree = BUILT_PRODUCTS_DIR; };
		ADD59CB020B4B40F004AB264 /* Stepper_Mobile_Controller.app */ = {isa = PBXFileReference; explicitFileType = wrapper.application; includeInIndex = 0; path = Stepper_Mobile_Controller.app; sourceTree = BUILT_PRODUCTS_DIR; };
		ADD59CB320B4B40F004AB264 /* AppDelegate.swift */ = {isa = PBXFileReference; lastKnownFileType = sourcecode.swift; path = AppDelegate.swift; sourceTree = "<group>"; };
		ADD59CB520B4B40F004AB264 /* ViewController.swift */ = {isa = PBXFileReference; lastKnownFileType = sourcecode.swift; path = ViewController.swift; sourceTree = "<group>"; };
		ADD59CB820B4B40F004AB264 /* Base */ = {isa = PBXFileReference; lastKnownFileType = file.storyboard; name = Base; path = Base.lproj/Main.storyboard; sourceTree = "<group>"; };
		ADD59CBA20B4B412004AB264 /* Assets.xcassets */ = {isa = PBXFileReference; lastKnownFileType = folder.assetcatalog; path = Assets.xcassets; sourceTree = "<group>"; };
		ADD59CBD20B4B412004AB264 /* Base */ = {isa = PBXFileReference; lastKnownFileType = file.storyboard; name = Base; path = Base.lproj/LaunchScreen.storyboard; sourceTree = "<group>"; };
		ADD59CBF20B4B412004AB264 /* Info.plist */ = {isa = PBXFileReference; lastKnownFileType = text.plist.xml; path = Info.plist; sourceTree = "<group>"; };
/* End PBXFileReference section */

/* Begin PBXFrameworksBuildPhase section */
		ADD59CAD20B4B40F004AB264 /* Frameworks */ = {
			isa = PBXFrameworksBuildPhase;
			buildActionMask = 2147483647;
			files = (
				6500DC4346F8F4D863DAEA7C /* Pods_Stepper_Mobile_Controller.framework in Frameworks */,
			);
			runOnlyForDeploymentPostprocessing = 0;
		};
/* End PBXFrameworksBuildPhase section */

/* Begin PBXGroup section */
		87C14F2890CC79D67893ECDF /* Pods */ = {
			isa = PBXGroup;
			children = (
				34EEF0B7FE9D9744C8131255 /* Pods-Stepper_Mobile_Controller.debug.xcconfig */,
				40D0FDD217C722BACC40A13D /* Pods-Stepper_Mobile_Controller.release.xcconfig */,
			);
			name = Pods;
			sourceTree = "<group>";
		};
		ADD59CA720B4B40E004AB264 = {
			isa = PBXGroup;
			children = (
				ADD59CB220B4B40F004AB264 /* Stepper_Mobile_Controller */,
				ADD59CB120B4B40F004AB264 /* Products */,
				87C14F2890CC79D67893ECDF /* Pods */,
				B40820C93A4FC96F2DC86297 /* Frameworks */,
			);
			sourceTree = "<group>";
		};
		ADD59CB120B4B40F004AB264 /* Products */ = {
			isa = PBXGroup;
			children = (
				ADD59CB020B4B40F004AB264 /* Stepper_Mobile_Controller.app */,
			);
			name = Products;
			sourceTree = "<group>";
		};
		ADD59CB220B4B40F004AB264 /* Stepper_Mobile_Controller */ = {
			isa = PBXGroup;
			children = (
				ADD59CB320B4B40F004AB264 /* AppDelegate.swift */,
				ADD59CB520B4B40F004AB264 /* ViewController.swift */,
				ADD59CB720B4B40F004AB264 /* Main.storyboard */,
				ADD59CBA20B4B412004AB264 /* Assets.xcassets */,
				ADD59CBC20B4B412004AB264 /* LaunchScreen.storyboard */,
				ADD59CBF20B4B412004AB264 /* Info.plist */,
			);
			path = Stepper_Mobile_Controller;
			sourceTree = "<group>";
		};
		B40820C93A4FC96F2DC86297 /* Frameworks */ = {
			isa = PBXGroup;
			children = (
				7E6C9CF315B2CF61C5B704D0 /* Pods_Stepper_Mobile_Controller.framework */,
			);
			name = Frameworks;
			sourceTree = "<group>";
		};
/* End PBXGroup section */

/* Begin PBXNativeTarget section */
		ADD59CAF20B4B40F004AB264 /* Stepper_Mobile_Controller */ = {
			isa = PBXNativeTarget;
			buildConfigurationList = ADD59CC220B4B412004AB264 /* Build configuration list for PBXNativeTarget "Stepper_Mobile_Controller" */;
			buildPhases = (
				5C378D436EEC5DFB5317F5E8 /* [CP] Check Pods Manifest.lock */,
				ADD59CAC20B4B40F004AB264 /* Sources */,
				ADD59CAD20B4B40F004AB264 /* Frameworks */,
				ADD59CAE20B4B40F004AB264 /* Resources */,
				0C6FFDE01F5027470A8C3A0C /* [CP] Embed Pods Frameworks */,
				9F2E770056FBCA90B1DDB20A /* [CP] Copy Pods Resources */,
			);
			buildRules = (
			);
			dependencies = (
			);
			name = Stepper_Mobile_Controller;
			productName = Stepper_Mobile_Controller;
			productReference = ADD59CB020B4B40F004AB264 /* Stepper_Mobile_Controller.app */;
			productType = "com.apple.product-type.application";
		};
/* End PBXNativeTarget section */

/* Begin PBXProject section */
		ADD59CA820B4B40E004AB264 /* Project object */ = {
			isa = PBXProject;
			attributes = {
				LastSwiftUpdateCheck = 0930;
				LastUpgradeCheck = 0930;
				ORGANIZATIONNAME = "MP-11";
				TargetAttributes = {
					ADD59CAF20B4B40F004AB264 = {
						CreatedOnToolsVersion = 9.3.1;
					};
				};
			};
			buildConfigurationList = ADD59CAB20B4B40F004AB264 /* Build configuration list for PBXProject "Stepper_Mobile_Controller" */;
			compatibilityVersion = "Xcode 9.3";
			developmentRegion = en;
			hasScannedForEncodings = 0;
			knownRegions = (
				en,
				Base,
			);
			mainGroup = ADD59CA720B4B40E004AB264;
			productRefGroup = ADD59CB120B4B40F004AB264 /* Products */;
			projectDirPath = "";
			projectRoot = "";
			targets = (
				ADD59CAF20B4B40F004AB264 /* Stepper_Mobile_Controller */,
			);
		};
/* End PBXProject section */

/* Begin PBXResourcesBuildPhase section */
		ADD59CAE20B4B40F004AB264 /* Resources */ = {
			isa = PBXResourcesBuildPhase;
			buildActionMask = 2147483647;
			files = (
				ADD59CBE20B4B412004AB264 /* LaunchScreen.storyboard in Resources */,
				ADD59CBB20B4B412004AB264 /* Assets.xcassets in Resources */,
				ADD59CB920B4B40F004AB264 /* Main.storyboard in Resources */,
			);
			runOnlyForDeploymentPostprocessing = 0;
		};
/* End PBXResourcesBuildPhase section */

/* Begin PBXShellScriptBuildPhase section */
		0C6FFDE01F5027470A8C3A0C /* [CP] Embed Pods Frameworks */ = {
			isa = PBXShellScriptBuildPhase;
			buildActionMask = 2147483647;
			files = (
			);
			inputPaths = (
			);
			name = "[CP] Embed Pods Frameworks";
			outputPaths = (
			);
			runOnlyForDeploymentPostprocessing = 0;
			shellPath = /bin/sh;
			shellScript = "\"${SRCROOT}/Pods/Target Support Files/Pods-Stepper_Mobile_Controller/Pods-Stepper_Mobile_Controller-frameworks.sh\"\n";
			showEnvVarsInLog = 0;
		};
		5C378D436EEC5DFB5317F5E8 /* [CP] Check Pods Manifest.lock */ = {
			isa = PBXShellScriptBuildPhase;
			buildActionMask = 2147483647;
			files = (
			);
			inputPaths = (
			);
			name = "[CP] Check Pods Manifest.lock";
			outputPaths = (
			);
			runOnlyForDeploymentPostprocessing = 0;
			shellPath = /bin/sh;
			shellScript = "diff \"${PODS_PODFILE_DIR_PATH}/Podfile.lock\" \"${PODS_ROOT}/Manifest.lock\" > /dev/null\nif [ $? != 0 ] ; then\n    # print error to STDERR\n    echo \"error: The sandbox is not in sync with the Podfile.lock. Run 'pod install' or update your CocoaPods installation.\" >&2\n    exit 1\nfi\n";
			showEnvVarsInLog = 0;
		};
		9F2E770056FBCA90B1DDB20A /* [CP] Copy Pods Resources */ = {
			isa = PBXShellScriptBuildPhase;
			buildActionMask = 2147483647;
			files = (
			);
			inputPaths = (
			);
			name = "[CP] Copy Pods Resources";
			outputPaths = (
			);
			runOnlyForDeploymentPostprocessing = 0;
			shellPath = /bin/sh;
			shellScript = "\"${SRCROOT}/Pods/Target Support Files/Pods-Stepper_Mobile_Controller/Pods-Stepper_Mobile_Controller-resources.sh\"\n";
			showEnvVarsInLog = 0;
		};
/* End PBXShellScriptBuildPhase section */

/* Begin PBXSourcesBuildPhase section */
		ADD59CAC20B4B40F004AB264 /* Sources */ = {
			isa = PBXSourcesBuildPhase;
			buildActionMask = 2147483647;
			files = (
				ADD59CB620B4B40F004AB264 /* ViewController.swift in Sources */,
				ADD59CB420B4B40F004AB264 /* AppDelegate.swift in Sources */,
			);
			runOnlyForDeploymentPostprocessing = 0;
		};
/* End PBXSourcesBuildPhase section */

/* Begin PBXVariantGroup section */
		ADD59CB720B4B40F004AB264 /* Main.storyboard */ = {
			isa = PBXVariantGroup;
			children = (
				ADD59CB820B4B40F004AB264 /* Base */,
			);
			name = Main.storyboard;
			sourceTree = "<group>";
		};
		ADD59CBC20B4B412004AB264 /* LaunchScreen.storyboard */ = {
			isa = PBXVariantGroup;
			children = (
				ADD59CBD20B4B412004AB264 /* Base */,
			);
			name = LaunchScreen.storyboard;
			sourceTree = "<group>";
		};
/* End PBXVariantGroup section */

/* Begin XCBuildConfiguration section */
		ADD59CC020B4B412004AB264 /* Debug */ = {
			isa = XCBuildConfiguration;
			buildSettings = {
				ALWAYS_SEARCH_USER_PATHS = NO;
				CLANG_ANALYZER_NONNULL = YES;
				CLANG_ANALYZER_NUMBER_OBJECT_CONVERSION = YES_AGGRESSIVE;
				CLANG_CXX_LANGUAGE_STANDARD = "gnu++14";
				CLANG_CXX_LIBRARY = "libc++";
				CLANG_ENABLE_MODULES = YES;
				CLANG_ENABLE_OBJC_ARC = YES;
				CLANG_ENABLE_OBJC_WEAK = YES;
				CLANG_WARN_BLOCK_CAPTURE_AUTORELEASING = YES;
				CLANG_WARN_BOOL_CONVERSION = YES;
				CLANG_WARN_COMMA = YES;
				CLANG_WARN_CONSTANT_CONVERSION = YES;
				CLANG_WARN_DEPRECATED_OBJC_IMPLEMENTATIONS = YES;
				CLANG_WARN_DIRECT_OBJC_ISA_USAGE = YES_ERROR;
				CLANG_WARN_DOCUMENTATION_COMMENTS = YES;
				CLANG_WARN_EMPTY_BODY = YES;
				CLANG_WARN_ENUM_CONVERSION = YES;
				CLANG_WARN_INFINITE_RECURSION = YES;
				CLANG_WARN_INT_CONVERSION = YES;
				CLANG_WARN_NON_LITERAL_NULL_CONVERSION = YES;
				CLANG_WARN_OBJC_IMPLICIT_RETAIN_SELF = YES;
				CLANG_WARN_OBJC_LITERAL_CONVERSION = YES;
				CLANG_WARN_OBJC_ROOT_CLASS = YES_ERROR;
				CLANG_WARN_RANGE_LOOP_ANALYSIS = YES;
				CLANG_WARN_STRICT_PROTOTYPES = YES;
				CLANG_WARN_SUSPICIOUS_MOVE = YES;
				CLANG_WARN_UNGUARDED_AVAILABILITY = YES_AGGRESSIVE;
				CLANG_WARN_UNREACHABLE_CODE = YES;
				CLANG_WARN__DUPLICATE_METHOD_MATCH = YES;
				CODE_SIGN_IDENTITY = "iPhone Developer";
				COPY_PHASE_STRIP = NO;
				DEBUG_INFORMATION_FORMAT = dwarf;
				ENABLE_STRICT_OBJC_MSGSEND = YES;
				ENABLE_TESTABILITY = YES;
				GCC_C_LANGUAGE_STANDARD = gnu11;
				GCC_DYNAMIC_NO_PIC = NO;
				GCC_NO_COMMON_BLOCKS = YES;
				GCC_OPTIMIZATION_LEVEL = 0;
				GCC_PREPROCESSOR_DEFINITIONS = (
					"DEBUG=1",
					"$(inherited)",
				);
				GCC_WARN_64_TO_32_BIT_CONVERSION = YES;
				GCC_WARN_ABOUT_RETURN_TYPE = YES_ERROR;
				GCC_WARN_UNDECLARED_SELECTOR = YES;
				GCC_WARN_UNINITIALIZED_AUTOS = YES_AGGRESSIVE;
				GCC_WARN_UNUSED_FUNCTION = YES;
				GCC_WARN_UNUSED_VARIABLE = YES;
				IPHONEOS_DEPLOYMENT_TARGET = 11.3;
				MTL_ENABLE_DEBUG_INFO = YES;
				ONLY_ACTIVE_ARCH = YES;
				SDKROOT = iphoneos;
				SWIFT_ACTIVE_COMPILATION_CONDITIONS = DEBUG;
				SWIFT_OPTIMIZATION_LEVEL = "-Onone";
			};
			name = Debug;
		};
		ADD59CC120B4B412004AB264 /* Release */ = {
			isa = XCBuildConfiguration;
			buildSettings = {
				ALWAYS_SEARCH_USER_PATHS = NO;
				CLANG_ANALYZER_NONNULL = YES;
				CLANG_ANALYZER_NUMBER_OBJECT_CONVERSION = YES_AGGRESSIVE;
				CLANG_CXX_LANGUAGE_STANDARD = "gnu++14";
				CLANG_CXX_LIBRARY = "libc++";
				CLANG_ENABLE_MODULES = YES;
				CLANG_ENABLE_OBJC_ARC = YES;
				CLANG_ENABLE_OBJC_WEAK = YES;
				CLANG_WARN_BLOCK_CAPTURE_AUTORELEASING = YES;
				CLANG_WARN_BOOL_CONVERSION = YES;
				CLANG_WARN_COMMA = YES;
				CLANG_WARN_CONSTANT_CONVERSION = YES;
				CLANG_WARN_DEPRECATED_OBJC_IMPLEMENTATIONS = YES;
				CLANG_WARN_DIRECT_OBJC_ISA_USAGE = YES_ERROR;
				CLANG_WARN_DOCUMENTATION_COMMENTS = YES;
				CLANG_WARN_EMPTY_BODY = YES;
				CLANG_WARN_ENUM_CONVERSION = YES;
				CLANG_WARN_INFINITE_RECURSION = YES;
				CLANG_WARN_INT_CONVERSION = YES;
				CLANG_WARN_NON_LITERAL_NULL_CONVERSION = YES;
				CLANG_WARN_OBJC_IMPLICIT_RETAIN_SELF = YES;
				CLANG_WARN_OBJC_LITERAL_CONVERSION = YES;
				CLANG_WARN_OBJC_ROOT_CLASS = YES_ERROR;
				CLANG_WARN_RANGE_LOOP_ANALYSIS = YES;
				CLANG_WARN_STRICT_PROTOTYPES = YES;
				CLANG_WARN_SUSPICIOUS_MOVE = YES;
				CLANG_WARN_UNGUARDED_AVAILABILITY = YES_AGGRESSIVE;
				CLANG_WARN_UNREACHABLE_CODE = YES;
				CLANG_WARN__DUPLICATE_METHOD_MATCH = YES;
				CODE_SIGN_IDENTITY = "iPhone Developer";
				COPY_PHASE_STRIP = NO;
				DEBUG_INFORMATION_FORMAT = "dwarf-with-dsym";
				ENABLE_NS_ASSERTIONS = NO;
				ENABLE_STRICT_OBJC_MSGSEND = YES;
				GCC_C_LANGUAGE_STANDARD = gnu11;
				GCC_NO_COMMON_BLOCKS = YES;
				GCC_WARN_64_TO_32_BIT_CONVERSION = YES;
				GCC_WARN_ABOUT_RETURN_TYPE = YES_ERROR;
				GCC_WARN_UNDECLARED_SELECTOR = YES;
				GCC_WARN_UNINITIALIZED_AUTOS = YES_AGGRESSIVE;
				GCC_WARN_UNUSED_FUNCTION = YES;
				GCC_WARN_UNUSED_VARIABLE = YES;
				IPHONEOS_DEPLOYMENT_TARGET = 11.3;
				MTL_ENABLE_DEBUG_INFO = NO;
				SDKROOT = iphoneos;
				SWIFT_COMPILATION_MODE = wholemodule;
				SWIFT_OPTIMIZATION_LEVEL = "-O";
				VALIDATE_PRODUCT = YES;
			};
			name = Release;
		};
		ADD59CC320B4B412004AB264 /* Debug */ = {
			isa = XCBuildConfiguration;
			baseConfigurationReference = 34EEF0B7FE9D9744C8131255 /* Pods-Stepper_Mobile_Controller.debug.xcconfig */;
			buildSettings = {
				ASSETCATALOG_COMPILER_APPICON_NAME = AppIcon;
				CODE_SIGN_STYLE = Automatic;
				DEVELOPMENT_TEAM = 7YDDXE3AEC;
				INFOPLIST_FILE = Stepper_Mobile_Controller/Info.plist;
				LD_RUNPATH_SEARCH_PATHS = (
					"$(inherited)",
					"@executable_path/Frameworks",
				);
				PRODUCT_BUNDLE_IDENTIFIER = "com.tudip.fastlane.Fastlane-Demo";
				PRODUCT_NAME = "$(TARGET_NAME)";
				SWIFT_VERSION = 4.0;
				TARGETED_DEVICE_FAMILY = "1,2";
			};
			name = Debug;
		};
		ADD59CC420B4B412004AB264 /* Release */ = {
			isa = XCBuildConfiguration;
			baseConfigurationReference = 40D0FDD217C722BACC40A13D /* Pods-Stepper_Mobile_Controller.release.xcconfig */;
			buildSettings = {
				ASSETCATALOG_COMPILER_APPICON_NAME = AppIcon;
				CODE_SIGN_STYLE = Automatic;
				DEVELOPMENT_TEAM = 7YDDXE3AEC;
				INFOPLIST_FILE = Stepper_Mobile_Controller/Info.plist;
				LD_RUNPATH_SEARCH_PATHS = (
					"$(inherited)",
					"@executable_path/Frameworks",
				);
				PRODUCT_BUNDLE_IDENTIFIER = "com.tudip.fastlane.Fastlane-Demo";
				PRODUCT_NAME = "$(TARGET_NAME)";
				SWIFT_VERSION = 4.0;
				TARGETED_DEVICE_FAMILY = "1,2";
			};
			name = Release;
		};
/* End XCBuildConfiguration section */

/* Begin XCConfigurationList section */
		ADD59CAB20B4B40F004AB264 /* Build configuration list for PBXProject "Stepper_Mobile_Controller" */ = {
			isa = XCConfigurationList;
			buildConfigurations = (
				ADD59CC020B4B412004AB264 /* Debug */,
				ADD59CC120B4B412004AB264 /* Release */,
			);
			defaultConfigurationIsVisible = 0;
			defaultConfigurationName = Release;
		};
		ADD59CC220B4B412004AB264 /* Build configuration list for PBXNativeTarget "Stepper_Mobile_Controller" */ = {
			isa = XCConfigurationList;
			buildConfigurations = (
				ADD59CC320B4B412004AB264 /* Debug */,
				ADD59CC420B4B412004AB264 /* Release */,
			);
			defaultConfigurationIsVisible = 0;
			defaultConfigurationName = Release;
		};
/* End XCConfigurationList section */
	};
	rootObject = ADD59CA820B4B40E004AB264 /* Project object */;
}
